{
  "name": "appwithtranslation-bug",
  "version": "1.0.0",
  "lockfileVersion": 1,
  "requires": true,
  "dependencies": {
    "@babel/runtime": {
      "version": "7.17.8",
      "resolved": "https://registry.npmjs.org/@babel/runtime/-/runtime-7.17.8.tgz",
      "integrity": "sha512-dQpEpK0O9o6lj6oPu0gRDbbnk+4LeHlNcBpspf6Olzt3GIX4P1lWF1gS+pHLDFlaJvbR6q7jCfQ08zA4QJBnmA==",
      "requires": {
        "regenerator-runtime": "^0.13.4"
      }
    },
    "@next/env": {
      "version": "12.1.1",
      "resolved": "https://registry.npmjs.org/@next/env/-/env-12.1.1.tgz",
      "integrity": "sha512-VmTRkfo/IXOQCATndjW3OjKb8zmAuB07eDdzO9XvuXZP87SyvnCYw3jrhUuFhOe/FVsKiloafa5LJfToUpvjUQ=="
    },
    "@next/swc-android-arm-eabi": {
      "version": "12.1.1",
      "resolved": "https://registry.npmjs.org/@next/swc-android-arm-eabi/-/swc-android-arm-eabi-12.1.1.tgz",
      "integrity": "sha512-phV9H6d1eK1oVC7nmKKcCXvgOWT4K7aLC/beyO6yvbFC4XtBLE21vPwVl7B4ybz5xjSa6TXoR3TMR6vkW6Mv+A==",
      "optional": true
    },
    "@next/swc-android-arm64": {
      "version": "12.1.1",
      "resolved": "https://registry.npmjs.org/@next/swc-android-arm64/-/swc-android-arm64-12.1.1.tgz",
      "integrity": "sha512-X5qEz0YeeYT0Gz2wXPAEtRKEuAsLUIEgC/DDfS98t/5Idjv0S4aqIX+TQdzoXP5bwQkIr+mSg+MBIdLtbtnCsA==",
      "optional": true
    },
    "@next/swc-darwin-arm64": {
      "version": "12.1.1",
      "resolved": "https://registry.npmjs.org/@next/swc-darwin-arm64/-/swc-darwin-arm64-12.1.1.tgz",
      "integrity": "sha512-bKKSNaTdnO3XPnfaR4NSpPcbs80fdbtOYC2lgtqLzA0bOMioupixMP5GrA/gfJHwh7GRH+A+sbgKQWsqSsYAqQ==",
      "optional": true
    },
    "@next/swc-darwin-x64": {
      "version": "12.1.1",
      "resolved": "https://registry.npmjs.org/@next/swc-darwin-x64/-/swc-darwin-x64-12.1.1.tgz",
      "integrity": "sha512-2VOsA6WLDuDBA6935djohWGGeUIKeQhXwDwu1CKx1b8+6YMMIvFr/y2dpPWoct+5/IjFz84a2MnbABwpoNB9YA==",
      "optional": true
    },
    "@next/swc-linux-arm-gnueabihf": {
      "version": "12.1.1",
      "resolved": "https://registry.npmjs.org/@next/swc-linux-arm-gnueabihf/-/swc-linux-arm-gnueabihf-12.1.1.tgz",
      "integrity": "sha512-1urXtWwqjqbbpJBWeJYz5ATgelKacVNdKIdhfahbsmW+DZGoK5TYovgieyHFYUCyHdTuKeLTVR62ahIRUBv1YA==",
      "optional": true
    },
    "@next/swc-linux-arm64-gnu": {
      "version": "12.1.1",
      "resolved": "https://registry.npmjs.org/@next/swc-linux-arm64-gnu/-/swc-linux-arm64-gnu-12.1.1.tgz",
      "integrity": "sha512-CDD9yFuknDvTOzzDnvfmb58USI5Vu6FUyzw96udKj7KA/n1YrNQ4K8X7KsDCRZoqfRWYceAyj1EpwHkfdiB7bg==",
      "optional": true
    },
    "@next/swc-linux-arm64-musl": {
      "version": "12.1.1",
      "resolved": "https://registry.npmjs.org/@next/swc-linux-arm64-musl/-/swc-linux-arm64-musl-12.1.1.tgz",
      "integrity": "sha512-nxyjgmbOpZm7gGPj9EV5Cqosoujt+ih/8SO2XG+BetgfAk0+c15793DHVAljNuc8GF9wpzqQnjMMUZ211VmQsg==",
      "optional": true
    },
    "@next/swc-linux-x64-gnu": {
      "version": "12.1.1",
      "resolved": "https://registry.npmjs.org/@next/swc-linux-x64-gnu/-/swc-linux-x64-gnu-12.1.1.tgz",
      "integrity": "sha512-L8Cu8kH3Vn2dnRpvcvGGA1TlmDP2WXJ+qDwvjb/ikDXLdRdmFvJwHh45JUGiW2FHed3lGseOgNsuYiDvnT8Cdw==",
      "optional": true
    },
    "@next/swc-linux-x64-musl": {
      "version": "12.1.1",
      "resolved": "https://registry.npmjs.org/@next/swc-linux-x64-musl/-/swc-linux-x64-musl-12.1.1.tgz",
      "integrity": "sha512-4RAb7L69MoRSggBqUfF3OrtBCUN2zPDi7asfL7bfxEhH10LGzyfil8dT0GVjPOPFz/SyLx3ORd6avGij2IlJUA==",
      "optional": true
    },
    "@next/swc-win32-arm64-msvc": {
      "version": "12.1.1",
      "resolved": "https://registry.npmjs.org/@next/swc-win32-arm64-msvc/-/swc-win32-arm64-msvc-12.1.1.tgz",
      "integrity": "sha512-zvkuNIgOxkAU3RbzWRGCcFasDxWJdhONt2YeRGe39dJERHhEFA1u4HgaZw/SFE/kfrNRUZbXjJNAg3OU/EpPZw==",
      "optional": true
    },
    "@next/swc-win32-ia32-msvc": {
      "version": "12.1.1",
      "resolved": "https://registry.npmjs.org/@next/swc-win32-ia32-msvc/-/swc-win32-ia32-msvc-12.1.1.tgz",
      "integrity": "sha512-GsNDtZ//uKWNVjiwv3YKQYsDXuRWTz8jTmxopf5Ws3dK+zA77hn4o46LBQg0JPCNqTUO6eIOlUBjqSL6ejxmSQ==",
      "optional": true
    },
    "@next/swc-win32-x64-msvc": {
      "version": "12.1.1",
      "resolved": "https://registry.npmjs.org/@next/swc-win32-x64-msvc/-/swc-win32-x64-msvc-12.1.1.tgz",
      "integrity": "sha512-nH5osn/uK9wsjT8Jh1YxMtRrkN5hoCNLQjsEdvfUfb+loQXeYiBd3n/0DUJkf6Scjfv6/htfUTPP3AEa7AbBxQ==",
      "optional": true
    },
    "@types/hoist-non-react-statics": {
      "version": "3.3.1",
      "resolved": "https://registry.npmjs.org/@types/hoist-non-react-statics/-/hoist-non-react-statics-3.3.1.tgz",
      "integrity": "sha512-iMIqiko6ooLrTh1joXodJK5X9xeEALT1kM5G3ZLhD3hszxBdIEd5C75U834D9mLcINgD4OyZf5uQXjkuYydWvA==",
      "requires": {
        "@types/react": "*",
        "hoist-non-react-statics": "^3.3.0"
      }
    },
    "@types/prop-types": {
      "version": "15.7.4",
      "resolved": "https://registry.npmjs.org/@types/prop-types/-/prop-types-15.7.4.tgz",
      "integrity": "sha512-rZ5drC/jWjrArrS8BR6SIr4cWpW09RNTYt9AMZo3Jwwif+iacXAqgVjm0B0Bv/S1jhDXKHqRVNCbACkJ89RAnQ=="
    },
    "@types/react": {
      "version": "17.0.43",
      "resolved": "https://registry.npmjs.org/@types/react/-/react-17.0.43.tgz",
      "integrity": "sha512-8Q+LNpdxf057brvPu1lMtC5Vn7J119xrP1aq4qiaefNioQUYANF/CYeK4NsKorSZyUGJ66g0IM+4bbjwx45o2A==",
      "requires": {
        "@types/prop-types": "*",
        "@types/scheduler": "*",
        "csstype": "^3.0.2"
      }
    },
    "@types/scheduler": {
      "version": "0.16.2",
      "resolved": "https://registry.npmjs.org/@types/scheduler/-/scheduler-0.16.2.tgz",
      "integrity": "sha512-hppQEBDmlwhFAXKJX2KnWLYu5yMfi91yazPb2l+lbJiwW+wdo1gNeRA+3RgNSO39WYX2euey41KEwnqesU2Jew=="
    },
    "caniuse-lite": {
      "version": "1.0.30001320",
      "resolved": "https://registry.npmjs.org/caniuse-lite/-/caniuse-lite-1.0.30001320.tgz",
      "integrity": "sha512-MWPzG54AGdo3nWx7zHZTefseM5Y1ccM7hlQKHRqJkPozUaw3hNbBTMmLn16GG2FUzjR13Cr3NPfhIieX5PzXDA=="
    },
    "core-js": {
      "version": "3.21.1",
      "resolved": "https://registry.npmjs.org/core-js/-/core-js-3.21.1.tgz",
      "integrity": "sha512-FRq5b/VMrWlrmCzwRrpDYNxyHP9BcAZC+xHJaqTgIE5091ZV1NTmyh0sGOg5XqpnHvR0svdy0sv1gWA1zmhxig=="
    },
    "csstype": {
      "version": "3.0.11",
      "resolved": "https://registry.npmjs.org/csstype/-/csstype-3.0.11.tgz",
      "integrity": "sha512-sa6P2wJ+CAbgyy4KFssIb/JNMLxFvKF1pCYCSXS8ZMuqZnMsrxqI2E5sPyoTpxoPU/gVZMzr2zjOfg8GIZOMsw=="
    },
    "hoist-non-react-statics": {
      "version": "3.3.2",
      "resolved": "https://registry.npmjs.org/hoist-non-react-statics/-/hoist-non-react-statics-3.3.2.tgz",
      "integrity": "sha512-/gGivxi8JPKWNm/W0jSmzcMPpfpPLc3dY/6GxhX2hQ9iGj3aDfklV4ET7NjKpSinLpJ5vafa9iiGIEZg10SfBw==",
      "requires": {
        "react-is": "^16.7.0"
      }
    },
    "html-escaper": {
      "version": "2.0.2",
      "resolved": "https://registry.npmjs.org/html-escaper/-/html-escaper-2.0.2.tgz",
      "integrity": "sha512-H2iMtd0I4Mt5eYiapRdIDjp+XzelXQ0tFE4JS7YFwFevXXMmOp9myNrUvCg0D6ws8iqkRPBfKHgbwig1SmlLfg=="
    },
    "html-parse-stringify": {
      "version": "3.0.1",
      "resolved": "https://registry.npmjs.org/html-parse-stringify/-/html-parse-stringify-3.0.1.tgz",
      "integrity": "sha512-KknJ50kTInJ7qIScF3jeaFRpMpE8/lfiTdzf/twXyPBLAGrLRTmkz3AdTnKeh40X8k9L2fdYwEp/42WGXIRGcg==",
      "requires": {
        "void-elements": "3.1.0"
      }
    },
    "i18next": {
      "version": "21.6.14",
      "resolved": "https://registry.npmjs.org/i18next/-/i18next-21.6.14.tgz",
      "integrity": "sha512-XL6WyD+xlwQwbieXRlXhKWoLb/rkch50/rA+vl6untHnJ+aYnkQ0YDZciTWE78PPhOpbi2gR0LTJCJpiAhA+uQ==",
      "requires": {
        "@babel/runtime": "^7.17.2"
      }
    },
    "i18next-fs-backend": {
      "version": "1.1.4",
      "resolved": "https://registry.npmjs.org/i18next-fs-backend/-/i18next-fs-backend-1.1.4.tgz",
      "integrity": "sha512-/MfAGMP0jHonV966uFf9PkWWuDjPYLIcsipnSO3NxpNtAgRUKLTwvm85fEmsF6hGeu0zbZiCQ3W74jwO6K9uXA=="
    },
    "js-tokens": {
      "version": "4.0.0",
      "resolved": "https://registry.npmjs.org/js-tokens/-/js-tokens-4.0.0.tgz",
      "integrity": "sha512-RdJUflcE3cUzKiMqQgsCu06FPu9UdIJO0beYbPhHN4k6apgJtifcoCtT9bcxOpYBtpD2kCM6Sbzg4CausW/PKQ=="
    },
    "loose-envify": {
      "version": "1.4.0",
      "resolved": "https://registry.npmjs.org/loose-envify/-/loose-envify-1.4.0.tgz",
      "integrity": "sha512-lyuxPGr/Wfhrlem2CL/UcnUc1zcqKAImBDzukY7Y5F/yQiNdko6+fRLevlw1HgMySw7f611UIY408EtxRSoK3Q==",
      "requires": {
        "js-tokens": "^3.0.0 || ^4.0.0"
      }
    },
    "nanoid": {
      "version": "3.3.2",
      "resolved": "https://registry.npmjs.org/nanoid/-/nanoid-3.3.2.tgz",
      "integrity": "sha512-CuHBogktKwpm5g2sRgv83jEy2ijFzBwMoYA60orPDR7ynsLijJDqgsi4RDGj3OJpy3Ieb+LYwiRmIOGyytgITA=="
    },
    "next": {
      "version": "12.1.1",
      "resolved": "https://registry.npmjs.org/next/-/next-12.1.1.tgz",
      "integrity": "sha512-IOfEIAgroMtsoYz6HXpDS+b5WB9WZ+MH266COXGlcpIiYSgUyJf9xV6vF+zY2RPvBJFT4fUW0EVdVnoOmTloDw==",
      "requires": {
        "@next/env": "12.1.1",
        "@next/swc-android-arm-eabi": "12.1.1",
        "@next/swc-android-arm64": "12.1.1",
        "@next/swc-darwin-arm64": "12.1.1",
        "@next/swc-darwin-x64": "12.1.1",
        "@next/swc-linux-arm-gnueabihf": "12.1.1",
        "@next/swc-linux-arm64-gnu": "12.1.1",
        "@next/swc-linux-arm64-musl": "12.1.1",
        "@next/swc-linux-x64-gnu": "12.1.1",
        "@next/swc-linux-x64-musl": "12.1.1",
        "@next/swc-win32-arm64-msvc": "12.1.1",
        "@next/swc-win32-ia32-msvc": "12.1.1",
        "@next/swc-win32-x64-msvc": "12.1.1",
        "caniuse-lite": "^1.0.30001283",
        "postcss": "8.4.5",
        "styled-jsx": "5.0.1",
        "use-subscription": "1.5.1"
      }
    },
    "next-i18next": {
      "version": "10.5.0",
      "resolved": "https://registry.npmjs.org/next-i18next/-/next-i18next-10.5.0.tgz",
      "integrity": "sha512-+Xj/v5gqpEUBKKAaFCZ76+Ps6OGAaIgGowJTF67wTcmIQbHrcHMPjHwPTbnpXy7uHrH8os7i4eAfRENAv/6xwg==",
      "requires": {
        "@babel/runtime": "^7.13.17",
        "@types/hoist-non-react-statics": "^3.3.1",
        "core-js": "^3",
        "hoist-non-react-statics": "^3.2.0",
        "i18next": "^21.6.12",
        "i18next-fs-backend": "^1.0.7",
        "react-i18next": "^11.15.5"
      }
    },
    "object-assign": {
      "version": "4.1.1",
      "resolved": "https://registry.npmjs.org/object-assign/-/object-assign-4.1.1.tgz",
      "integrity": "sha1-IQmtx5ZYh8/AXLvUQsrIv7s2CGM="
    },
    "picocolors": {
      "version": "1.0.0",
      "resolved": "https://registry.npmjs.org/picocolors/-/picocolors-1.0.0.tgz",
      "integrity": "sha512-1fygroTLlHu66zi26VoTDv8yRgm0Fccecssto+MhsZ0D/DGW2sm8E8AjW7NU5VVTRt5GxbeZ5qBuJr+HyLYkjQ=="
    },
    "postcss": {
      "version": "8.4.5",
      "resolved": "https://registry.npmjs.org/postcss/-/postcss-8.4.5.tgz",
      "integrity": "sha512-jBDboWM8qpaqwkMwItqTQTiFikhs/67OYVvblFFTM7MrZjt6yMKd6r2kgXizEbTTljacm4NldIlZnhbjr84QYg==",
      "requires": {
        "nanoid": "^3.1.30",
        "picocolors": "^1.0.0",
        "source-map-js": "^1.0.1"
      }
    },
    "react": {
      "version": "17.0.2",
      "resolved": "https://registry.npmjs.org/react/-/react-17.0.2.tgz",
      "integrity": "sha512-gnhPt75i/dq/z3/6q/0asP78D0u592D5L1pd7M8P+dck6Fu/jJeL6iVVK23fptSUZj8Vjf++7wXA8UNclGQcbA==",
      "requires": {
        "loose-envify": "^1.1.0",
        "object-assign": "^4.1.1"
      }
    },
    "react-dom": {
      "version": "17.0.2",
      "resolved": "https://registry.npmjs.org/react-dom/-/react-dom-17.0.2.tgz",
      "integrity": "sha512-s4h96KtLDUQlsENhMn1ar8t2bEa+q/YAtj8pPPdIjPDGBDIVNsrD9aXNWqspUe6AzKCIG0C1HZZLqLV7qpOBGA==",
      "requires": {
        "loose-envify": "^1.1.0",
        "object-assign": "^4.1.1",
        "scheduler": "^0.20.2"
      }
    },
    "react-i18next": {
      "version": "11.16.2",
      "resolved": "https://registry.npmjs.org/react-i18next/-/react-i18next-11.16.2.tgz",
      "integrity": "sha512-1iuZduvARUelL5ux663FvIoDZExwFO+9QtRAAt4uvs1/aun4cUZt8XBrVg7iiDgNls9cOSORAhE7Ri5KA9RMvg==",
      "requires": {
        "@babel/runtime": "^7.14.5",
        "html-escaper": "^2.0.2",
        "html-parse-stringify": "^3.0.1"
      }
    },
    "react-is": {
      "version": "16.13.1",
      "resolved": "https://registry.npmjs.org/react-is/-/react-is-16.13.1.tgz",
      "integrity": "sha512-24e6ynE2H+OKt4kqsOvNd8kBpV65zoxbA4BVsEOB3ARVWQki/DHzaUoC5KuON/BiccDaCCTZBuOcfZs70kR8bQ=="
    },
    "regenerator-runtime": {
      "version": "0.13.9",
      "resolved": "https://registry.npmjs.org/regenerator-runtime/-/regenerator-runtime-0.13.9.tgz",
      "integrity": "sha512-p3VT+cOEgxFsRRA9X4lkI1E+k2/CtnKtU4gcxyaCUreilL/vqI6CdZ3wxVUx3UOUg+gnUOQQcRI7BmSI656MYA=="
    },
    "scheduler": {
      "version": "0.20.2",
      "resolved": "https://registry.npmjs.org/scheduler/-/scheduler-0.20.2.tgz",
      "integrity": "sha512-2eWfGgAqqWFGqtdMmcL5zCMK1U8KlXv8SQFGglL3CEtd0aDVDWgeF/YoCmvln55m5zSk3J/20hTaSBeSObsQDQ==",
      "requires": {
        "loose-envify": "^1.1.0",
        "object-assign": "^4.1.1"
      }
    },
    "source-map-js": {
      "version": "1.0.2",
      "resolved": "https://registry.npmjs.org/source-map-js/-/source-map-js-1.0.2.tgz",
      "integrity": "sha512-R0XvVJ9WusLiqTCEiGCmICCMplcCkIwwR11mOSD9CR5u+IXYdiseeEuXCVAjS54zqwkLcPNnmU4OeJ6tUrWhDw=="
    },
    "styled-jsx": {
      "version": "5.0.1",
      "resolved": "https://registry.npmjs.org/styled-jsx/-/styled-jsx-5.0.1.tgz",
      "integrity": "sha512-+PIZ/6Uk40mphiQJJI1202b+/dYeTVd9ZnMPR80pgiWbjIwvN2zIp4r9et0BgqBuShh48I0gttPlAXA7WVvBxw=="
    },
    "use-subscription": {
      "version": "1.5.1",
      "resolved": "https://registry.npmjs.org/use-subscription/-/use-subscription-1.5.1.tgz",
      "integrity": "sha512-Xv2a1P/yReAjAbhylMfFplFKj9GssgTwN7RlcTxBujFQcloStWNDQdc4g4NRWH9xS4i/FDk04vQBptAXoF3VcA==",
      "requires": {
        "object-assign": "^4.1.1"
      }
    },
    "void-elements": {
      "version": "3.1.0",
      "resolved": "https://registry.npmjs.org/void-elements/-/void-elements-3.1.0.tgz",
      "integrity": "sha1-YU9/v42AHwu18GYfWy9XhXUOTwk="
    }
  }
}
